{
  "name": "digiasset-transfer-encoder",
  "version": "1.2.0",
  "lockfileVersion": 1,
  "requires": true,
  "dependencies": {
    "clone": {
      "version": "2.1.2",
      "resolved": "https://registry.npmjs.org/clone/-/clone-2.1.2.tgz",
      "integrity": "sha1-G39Ln1kfHo+DZwQBYANFoCiHQ18="
    },
    "digiasset-burn-payment-encoder": {
      "version": "1.2.0",
      "resolved": "https://registry.npmjs.org/digiasset-burn-payment-encoder/-/digiasset-burn-payment-encoder-1.2.0.tgz",
      "integrity": "sha512-WEobYjP4MprMj+j9AJoDFQG3/J2GuMAwUhRQPT3tBxCHswYcfYIklGhogLbG/N96ybHKkKl+6iLPxVUM4XmWUw==",
      "requires": {
        "clone": "^2.0.0",
        "digiasset-payment-encoder": "^1.2.0"
      }
    },
    "digiasset-payment-encoder": {
      "version": "1.2.0",
      "resolved": "https://registry.npmjs.org/digiasset-payment-encoder/-/digiasset-payment-encoder-1.2.0.tgz",
      "integrity": "sha512-LO7zvVyPZtGXjCEdhkZr44C7ytI4qUbiff0MT7zdJPRScwryBx9fZ9viq2EwWPRaor5A1dM17QOSzxqRvRDc9A==",
      "requires": {
        "sffc-encoder": "^0.1.9"
      }
    },
    "sffc-encoder": {
      "version": "0.1.12",
      "resolved": "https://registry.npmjs.org/sffc-encoder/-/sffc-encoder-0.1.12.tgz",
      "integrity": "sha1-RXanuwJ5H1/EyUwnbTa8gDp93LM="
    }
  }
}
