{
  "name": "digiasset-transfer-encoder",
  "version": "1.2.0",
  "lockfileVersion": 1,
  "requires": true,
  "dependencies": {
    "clone": {
      "version": "2.1.2",
      "resolved": "https://registry.npmjs.org/clone/-/clone-2.1.2.tgz",
      "integrity": "sha1-G39Ln1kfHo+DZwQBYANFoCiHQ18="
    },
    "digiasset-burn-payment-encoder": {
      "version": "1.1.0",
      "resolved": "https://registry.npmjs.org/digiasset-burn-payment-encoder/-/digiasset-burn-payment-encoder-1.1.0.tgz",
      "integrity": "sha512-tVAAjKDEVasRN0TAvD1i5paZptPTK2cQ2fCm5o0VQp7F5/E3TExfhUjPPZayCkqwDIm9oVco3mjRoA0rkfRn0g==",
      "requires": {
        "clone": "^2.0.0",
        "digiasset-payment-encoder": "^1.1.0"
      }
    },
    "digiasset-payment-encoder": {
      "version": "1.1.0",
      "resolved": "https://registry.npmjs.org/digiasset-payment-encoder/-/digiasset-payment-encoder-1.1.0.tgz",
      "integrity": "sha512-6KD1BlxLLFwDs6GcfzftVHslHtd3KKvc5VYBPzFsHJHK3q1lclHKOJA9vanQ/zYIidUEYiwUffv0gz25QxJs7w==",
      "requires": {
        "sffc-encoder": "^0.1.9"
      }
    },
    "sffc-encoder": {
      "version": "0.1.12",
      "resolved": "https://registry.npmjs.org/sffc-encoder/-/sffc-encoder-0.1.12.tgz",
      "integrity": "sha1-RXanuwJ5H1/EyUwnbTa8gDp93LM="
    }
  }
}
